Microsoft Visual Studio Solution File, Format Version 12.00
# Visual Studio Version 17
VisualStudioVersion = 17.5.2.0
MinimumVisualStudioVersion = 10.0.40219.1
Project("{FAE04EC0-301F-11D3-BF4B-00C04F79EFBC}") = "ChatbotApi", "Chatbot.Api\ChatbotApi.csproj", "{E0EBA93B-B934-9A85-BE96-615BCADB0230}"
EndProject
Project("{FAE04EC0-301F-11D3-BF4B-00C04F79EFBC}") = "ChatbotTests", "Chatbot.Tests\ChatbotTests.csproj", "{57A86E4A-D5DD-42AB-1EEA-8144BA4127D5}"
EndProject
Global
	GlobalSection(SolutionConfigurationPlatforms) = preSolution
		Debug|Any CPU = Debug|Any CPU
		Release|Any CPU = Release|Any CPU
	EndGlobalSection
	GlobalSection(ProjectConfigurationPlatforms) = postSolution
		{E0EBA93B-B934-9A85-BE96-615BCADB0230}.Debug|Any CPU.ActiveCfg = Debug|Any CPU
		{E0EBA93B-B934-9A85-BE96-615BCADB0230}.Debug|Any CPU.Build.0 = Debug|Any CPU
		{E0EBA93B-B934-9A85-BE96-615BCADB0230}.Release|Any CPU.ActiveCfg = Release|Any CPU
		{E0EBA93B-B934-9A85-BE96-615BCADB0230}.Release|Any CPU.Build.0 = Release|Any CPU
		{57A86E4A-D5DD-42AB-1EEA-8144BA4127D5}.Debug|Any CPU.ActiveCfg = Debug|Any CPU
		{57A86E4A-D5DD-42AB-1EEA-8144BA4127D5}.Debug|Any CPU.Build.0 = Debug|Any CPU
		{57A86E4A-D5DD-42AB-1EEA-8144BA4127D5}.Release|Any CPU.ActiveCfg = Release|Any CPU
		{57A86E4A-D5DD-42AB-1EEA-8144BA4127D5}.Release|Any CPU.Build.0 = Release|Any CPU
	EndGlobalSection
	GlobalSection(SolutionProperties) = preSolution
		HideSolutionNode = FALSE
	EndGlobalSection
	GlobalSection(ExtensibilityGlobals) = postSolution
		SolutionGuid = {B3FC64CA-D4F6-4E1F-A478-E1B8F3F5240E}
	EndGlobalSection
EndGlobal
